
Microsoft Visual Studio Solution File, Format Version 12.00
# Visual Studio Version 17
VisualStudioVersion = 17.6.33815.320
MinimumVisualStudioVersion = 10.0.40219.1
Project("{2150E333-8FDC-42A3-9474-1A3956D46DE8}") = "Services", "Services", "{BFAEDBFC-ADF3-4799-8111-7DB3D78064F3}"
EndProject
Project("{2150E333-8FDC-42A3-9474-1A3956D46DE8}") = "Catalog", "Catalog", "{EBC30913-11A7-491E-8F8E-1DF856F8FE7C}"
EndProject
Project("{9A19103F-16F7-4668-BE54-9A1E7A4F7556}") = "MultiShop.Catalog", "Services\Catalog\MultiShop.Catalog\MultiShop.Catalog.csproj", "{F1F47D21-96A9-45A2-B291-852234943A14}"
EndProject
Project("{2150E333-8FDC-42A3-9474-1A3956D46DE8}") = "Discount", "Discount", "{F96756D2-962B-4433-BD23-5262E5BAA32A}"
EndProject
Project("{9A19103F-16F7-4668-BE54-9A1E7A4F7556}") = "MultiShop.Discount", "Services\Discount\MultiShop.Discount\MultiShop.Discount.csproj", "{9D4C7B30-CB4E-4903-9244-71757B569921}"
EndProject
Project("{2150E333-8FDC-42A3-9474-1A3956D46DE8}") = "Order", "Order", "{0109095D-BD90-4361-86D9-F9BFE3289C5B}"
EndProject
Project("{2150E333-8FDC-42A3-9474-1A3956D46DE8}") = "Core", "Core", "{3277B18B-AE36-402A-9F87-7A23C2692108}"
EndProject
Project("{2150E333-8FDC-42A3-9474-1A3956D46DE8}") = "Presentation", "Presentation", "{4CD66D10-CD3B-4388-B173-1E124D4850BE}"
EndProject
Project("{2150E333-8FDC-42A3-9474-1A3956D46DE8}") = "Infrastructure", "Infrastructure", "{82012571-530F-472C-9F24-D091A09193FC}"
EndProject
Project("{9A19103F-16F7-4668-BE54-9A1E7A4F7556}") = "MultiShop.Order.Domain", "Services\Order\Core\MultiShop.Order.Domain\MultiShop.Order.Domain.csproj", "{1173782C-404A-4D9E-8B95-189731EAE503}"
EndProject
Project("{9A19103F-16F7-4668-BE54-9A1E7A4F7556}") = "MultiShop.Order.Application", "Services\Order\Core\MultiShop.Order.Application\MultiShop.Order.Application.csproj", "{9197C4B2-DCE7-4662-BA7B-34AAAFD393FA}"
EndProject
Project("{9A19103F-16F7-4668-BE54-9A1E7A4F7556}") = "MultiShop.Order.Persistence", "Services\Order\Infrastructure\MultiShop.Order.Persistence\MultiShop.Order.Persistence.csproj", "{67073AA9-1F27-434D-BF2B-67A28B77FB02}"
EndProject
Project("{9A19103F-16F7-4668-BE54-9A1E7A4F7556}") = "MultiShop.Order.WebApi", "Services\Order\Presentation\MultiShop.Order.WebApi\MultiShop.Order.WebApi.csproj", "{7E32E47D-D621-4181-9BF7-36D08E72A178}"
EndProject
Project("{2150E333-8FDC-42A3-9474-1A3956D46DE8}") = "IdentityServer", "IdentityServer", "{F20DAAF6-C220-4294-B8C7-9F35A3C2F6BF}"
EndProject
Project("{9A19103F-16F7-4668-BE54-9A1E7A4F7556}") = "MultiShop.IdentityServer", "IdentityServer\MultiShop.IdentityServer\MultiShop.IdentityServer.csproj", "{258F4D19-E6D5-4910-A353-8758E2294B5C}"
EndProject
Project("{2150E333-8FDC-42A3-9474-1A3956D46DE8}") = "Requirements", "Requirements", "{CDBEAAFF-F725-4040-8474-B76D9760C9EB}"
	ProjectSection(SolutionItems) = preProject
		PortainerCmd.txt = PortainerCmd.txt
	EndProjectSection
EndProject
Global
	GlobalSection(SolutionConfigurationPlatforms) = preSolution
		Debug|Any CPU = Debug|Any CPU
		Release|Any CPU = Release|Any CPU
	EndGlobalSection
	GlobalSection(ProjectConfigurationPlatforms) = postSolution
		{F1F47D21-96A9-45A2-B291-852234943A14}.Debug|Any CPU.ActiveCfg = Debug|Any CPU
		{F1F47D21-96A9-45A2-B291-852234943A14}.Debug|Any CPU.Build.0 = Debug|Any CPU
		{F1F47D21-96A9-45A2-B291-852234943A14}.Release|Any CPU.ActiveCfg = Release|Any CPU
		{F1F47D21-96A9-45A2-B291-852234943A14}.Release|Any CPU.Build.0 = Release|Any CPU
		{9D4C7B30-CB4E-4903-9244-71757B569921}.Debug|Any CPU.ActiveCfg = Debug|Any CPU
		{9D4C7B30-CB4E-4903-9244-71757B569921}.Debug|Any CPU.Build.0 = Debug|Any CPU
		{9D4C7B30-CB4E-4903-9244-71757B569921}.Release|Any CPU.ActiveCfg = Release|Any CPU
		{9D4C7B30-CB4E-4903-9244-71757B569921}.Release|Any CPU.Build.0 = Release|Any CPU
		{1173782C-404A-4D9E-8B95-189731EAE503}.Debug|Any CPU.ActiveCfg = Debug|Any CPU
		{1173782C-404A-4D9E-8B95-189731EAE503}.Debug|Any CPU.Build.0 = Debug|Any CPU
		{1173782C-404A-4D9E-8B95-189731EAE503}.Release|Any CPU.ActiveCfg = Release|Any CPU
		{1173782C-404A-4D9E-8B95-189731EAE503}.Release|Any CPU.Build.0 = Release|Any CPU
		{9197C4B2-DCE7-4662-BA7B-34AAAFD393FA}.Debug|Any CPU.ActiveCfg = Debug|Any CPU
		{9197C4B2-DCE7-4662-BA7B-34AAAFD393FA}.Debug|Any CPU.Build.0 = Debug|Any CPU
		{9197C4B2-DCE7-4662-BA7B-34AAAFD393FA}.Release|Any CPU.ActiveCfg = Release|Any CPU
		{9197C4B2-DCE7-4662-BA7B-34AAAFD393FA}.Release|Any CPU.Build.0 = Release|Any CPU
		{67073AA9-1F27-434D-BF2B-67A28B77FB02}.Debug|Any CPU.ActiveCfg = Debug|Any CPU
		{67073AA9-1F27-434D-BF2B-67A28B77FB02}.Debug|Any CPU.Build.0 = Debug|Any CPU
		{67073AA9-1F27-434D-BF2B-67A28B77FB02}.Release|Any CPU.ActiveCfg = Release|Any CPU
		{67073AA9-1F27-434D-BF2B-67A28B77FB02}.Release|Any CPU.Build.0 = Release|Any CPU
		{7E32E47D-D621-4181-9BF7-36D08E72A178}.Debug|Any CPU.ActiveCfg = Debug|Any CPU
		{7E32E47D-D621-4181-9BF7-36D08E72A178}.Debug|Any CPU.Build.0 = Debug|Any CPU
		{7E32E47D-D621-4181-9BF7-36D08E72A178}.Release|Any CPU.ActiveCfg = Release|Any CPU
		{7E32E47D-D621-4181-9BF7-36D08E72A178}.Release|Any CPU.Build.0 = Release|Any CPU
		{258F4D19-E6D5-4910-A353-8758E2294B5C}.Debug|Any CPU.ActiveCfg = Debug|Any CPU
		{258F4D19-E6D5-4910-A353-8758E2294B5C}.Debug|Any CPU.Build.0 = Debug|Any CPU
		{258F4D19-E6D5-4910-A353-8758E2294B5C}.Release|Any CPU.ActiveCfg = Release|Any CPU
		{258F4D19-E6D5-4910-A353-8758E2294B5C}.Release|Any CPU.Build.0 = Release|Any CPU
	EndGlobalSection
	GlobalSection(SolutionProperties) = preSolution
		HideSolutionNode = FALSE
	EndGlobalSection
	GlobalSection(NestedProjects) = preSolution
		{EBC30913-11A7-491E-8F8E-1DF856F8FE7C} = {BFAEDBFC-ADF3-4799-8111-7DB3D78064F3}
		{F1F47D21-96A9-45A2-B291-852234943A14} = {EBC30913-11A7-491E-8F8E-1DF856F8FE7C}
		{F96756D2-962B-4433-BD23-5262E5BAA32A} = {BFAEDBFC-ADF3-4799-8111-7DB3D78064F3}
		{9D4C7B30-CB4E-4903-9244-71757B569921} = {F96756D2-962B-4433-BD23-5262E5BAA32A}
		{0109095D-BD90-4361-86D9-F9BFE3289C5B} = {BFAEDBFC-ADF3-4799-8111-7DB3D78064F3}
		{3277B18B-AE36-402A-9F87-7A23C2692108} = {0109095D-BD90-4361-86D9-F9BFE3289C5B}
		{4CD66D10-CD3B-4388-B173-1E124D4850BE} = {0109095D-BD90-4361-86D9-F9BFE3289C5B}
		{82012571-530F-472C-9F24-D091A09193FC} = {0109095D-BD90-4361-86D9-F9BFE3289C5B}
		{1173782C-404A-4D9E-8B95-189731EAE503} = {3277B18B-AE36-402A-9F87-7A23C2692108}
		{9197C4B2-DCE7-4662-BA7B-34AAAFD393FA} = {3277B18B-AE36-402A-9F87-7A23C2692108}
		{67073AA9-1F27-434D-BF2B-67A28B77FB02} = {82012571-530F-472C-9F24-D091A09193FC}
		{7E32E47D-D621-4181-9BF7-36D08E72A178} = {4CD66D10-CD3B-4388-B173-1E124D4850BE}
		{258F4D19-E6D5-4910-A353-8758E2294B5C} = {F20DAAF6-C220-4294-B8C7-9F35A3C2F6BF}
	EndGlobalSection
	GlobalSection(ExtensibilityGlobals) = postSolution
		SolutionGuid = {FCBCBA28-E07F-42A2-9188-6002C14F1AC3}
	EndGlobalSection
EndGlobal
